
Microsoft Visual Studio Solution File, Format Version 12.00
# Visual Studio 2012
Project("{FAE04EC0-301F-11D3-BF4B-00C04F79EFBC}") = "ResourcePlannerV2", "ResourcePlannerV2\ResourcePlannerV2.csproj", "{F216ECF7-3D15-49FF-90E6-B9C8515FD357}"
EndProject
Global
	GlobalSection(SolutionConfigurationPlatforms) = preSolution
		Debug|Any CPU = Debug|Any CPU
		Release|Any CPU = Release|Any CPU
	EndGlobalSection
	GlobalSection(ProjectConfigurationPlatforms) = postSolution
		{F216ECF7-3D15-49FF-90E6-B9C8515FD357}.Debug|Any CPU.ActiveCfg = Debug|Any CPU
		{F216ECF7-3D15-49FF-90E6-B9C8515FD357}.Debug|Any CPU.Build.0 = Debug|Any CPU
		{F216ECF7-3D15-49FF-90E6-B9C8515FD357}.Release|Any CPU.ActiveCfg = Release|Any CPU
		{F216ECF7-3D15-49FF-90E6-B9C8515FD357}.Release|Any CPU.Build.0 = Release|Any CPU
	EndGlobalSection
	GlobalSection(SolutionProperties) = preSolution
		HideSolutionNode = FALSE
	EndGlobalSection
EndGlobal
